// !$*UTF8*$!
{
	archiveVersion = 1;
	classes = {
	};
	objectVersion = 56;
	objects = {

/* Begin PBXBuildFile section */
		63404AA0294129EE006A1089 /* DevoteApp.swift in Sources */ = {isa = PBXBuildFile; fileRef = 63404A9F294129EE006A1089 /* DevoteApp.swift */; };
		63404AA2294129EE006A1089 /* ContentView.swift in Sources */ = {isa = PBXBuildFile; fileRef = 63404AA1294129EE006A1089 /* ContentView.swift */; };
		63404AA4294129EF006A1089 /* Assets.xcassets in Resources */ = {isa = PBXBuildFile; fileRef = 63404AA3294129EF006A1089 /* Assets.xcassets */; };
		63404AA7294129EF006A1089 /* Preview Assets.xcassets in Resources */ = {isa = PBXBuildFile; fileRef = 63404AA6294129EF006A1089 /* Preview Assets.xcassets */; };
		63404AA9294129EF006A1089 /* Persistence.swift in Sources */ = {isa = PBXBuildFile; fileRef = 63404AA8294129EF006A1089 /* Persistence.swift */; };
		63404AAC294129EF006A1089 /* Devote.xcdatamodeld in Sources */ = {isa = PBXBuildFile; fileRef = 63404AAA294129EF006A1089 /* Devote.xcdatamodeld */; };
		63404AB829412AB0006A1089 /* sound-rise.mp3 in Resources */ = {isa = PBXBuildFile; fileRef = 63404AB529412AB0006A1089 /* sound-rise.mp3 */; };
		63404AB929412AB0006A1089 /* sound-tap.mp3 in Resources */ = {isa = PBXBuildFile; fileRef = 63404AB629412AB0006A1089 /* sound-tap.mp3 */; };
		63404ABA29412AB0006A1089 /* sound-ding.mp3 in Resources */ = {isa = PBXBuildFile; fileRef = 63404AB729412AB0006A1089 /* sound-ding.mp3 */; };
		63404AC8294134BB006A1089 /* Constant.swift in Sources */ = {isa = PBXBuildFile; fileRef = 63404AC7294134BB006A1089 /* Constant.swift */; };
		63404ACA294138B0006A1089 /* HideKeyboardExtension.swift in Sources */ = {isa = PBXBuildFile; fileRef = 63404AC9294138B0006A1089 /* HideKeyboardExtension.swift */; };
		63404ACC29413C22006A1089 /* BackgroundImageView.swift in Sources */ = {isa = PBXBuildFile; fileRef = 63404ACB29413C22006A1089 /* BackgroundImageView.swift */; };
		63404ACE294246B7006A1089 /* NewTaskItemView.swift in Sources */ = {isa = PBXBuildFile; fileRef = 63404ACD294246B7006A1089 /* NewTaskItemView.swift */; };
		63404AD0294249F6006A1089 /* BlankView.swift in Sources */ = {isa = PBXBuildFile; fileRef = 63404ACF294249F5006A1089 /* BlankView.swift */; };
		63404AD2294792AC006A1089 /* ListRowItemView.swift in Sources */ = {isa = PBXBuildFile; fileRef = 63404AD1294792AC006A1089 /* ListRowItemView.swift */; };
		63404AD429479434006A1089 /* CheckboxStyle.swift in Sources */ = {isa = PBXBuildFile; fileRef = 63404AD329479434006A1089 /* CheckboxStyle.swift */; };
		63404AD62947982B006A1089 /* SoundPlayer.swift in Sources */ = {isa = PBXBuildFile; fileRef = 63404AD52947982B006A1089 /* SoundPlayer.swift */; };
		63404ADE29479B2D006A1089 /* WidgetKit.framework in Frameworks */ = {isa = PBXBuildFile; fileRef = 63404ADD29479B2D006A1089 /* WidgetKit.framework */; };
		63404AE029479B2D006A1089 /* SwiftUI.framework in Frameworks */ = {isa = PBXBuildFile; fileRef = 63404ADF29479B2D006A1089 /* SwiftUI.framework */; };
		63404AE329479B2D006A1089 /* DevoteWidgetBundle.swift in Sources */ = {isa = PBXBuildFile; fileRef = 63404AE229479B2D006A1089 /* DevoteWidgetBundle.swift */; };
		63404AE529479B2D006A1089 /* DevoteWidgetLiveActivity.swift in Sources */ = {isa = PBXBuildFile; fileRef = 63404AE429479B2D006A1089 /* DevoteWidgetLiveActivity.swift */; };
		63404AE729479B2D006A1089 /* DevoteWidget.swift in Sources */ = {isa = PBXBuildFile; fileRef = 63404AE629479B2D006A1089 /* DevoteWidget.swift */; };
		63404AE929479B2E006A1089 /* Assets.xcassets in Resources */ = {isa = PBXBuildFile; fileRef = 63404AE829479B2E006A1089 /* Assets.xcassets */; };
		63404AED29479B2E006A1089 /* DevoteWidgetExtension.appex in Embed Foundation Extensions */ = {isa = PBXBuildFile; fileRef = 63404ADB29479B2D006A1089 /* DevoteWidgetExtension.appex */; settings = {ATTRIBUTES = (RemoveHeadersOnCopy, ); }; };
		63404AF229479F23006A1089 /* Assets.xcassets in Resources */ = {isa = PBXBuildFile; fileRef = 63404AA3294129EF006A1089 /* Assets.xcassets */; };
		63404AF329479F99006A1089 /* Constant.swift in Sources */ = {isa = PBXBuildFile; fileRef = 63404AC7294134BB006A1089 /* Constant.swift */; };
/* End PBXBuildFile section */

/* Begin PBXContainerItemProxy section */
		63404AEB29479B2E006A1089 /* PBXContainerItemProxy */ = {
			isa = PBXContainerItemProxy;
			containerPortal = 63404A94294129EE006A1089 /* Project object */;
			proxyType = 1;
			remoteGlobalIDString = 63404ADA29479B2D006A1089;
			remoteInfo = DevoteWidgetExtension;
		};
/* End PBXContainerItemProxy section */

/* Begin PBXCopyFilesBuildPhase section */
		63404AF129479B2E006A1089 /* Embed Foundation Extensions */ = {
			isa = PBXCopyFilesBuildPhase;
			buildActionMask = 2147483647;
			dstPath = "";
			dstSubfolderSpec = 13;
			files = (
				63404AED29479B2E006A1089 /* DevoteWidgetExtension.appex in Embed Foundation Extensions */,
			);
			name = "Embed Foundation Extensions";
			runOnlyForDeploymentPostprocessing = 0;
		};
/* End PBXCopyFilesBuildPhase section */

/* Begin PBXFileReference section */
		63404A9C294129EE006A1089 /* Devote.app */ = {isa = PBXFileReference; explicitFileType = wrapper.application; includeInIndex = 0; path = Devote.app; sourceTree = BUILT_PRODUCTS_DIR; };
		63404A9F294129EE006A1089 /* DevoteApp.swift */ = {isa = PBXFileReference; lastKnownFileType = sourcecode.swift; path = DevoteApp.swift; sourceTree = "<group>"; };
		63404AA1294129EE006A1089 /* ContentView.swift */ = {isa = PBXFileReference; lastKnownFileType = sourcecode.swift; path = ContentView.swift; sourceTree = "<group>"; };
		63404AA3294129EF006A1089 /* Assets.xcassets */ = {isa = PBXFileReference; lastKnownFileType = folder.assetcatalog; path = Assets.xcassets; sourceTree = "<group>"; };
		63404AA6294129EF006A1089 /* Preview Assets.xcassets */ = {isa = PBXFileReference; lastKnownFileType = folder.assetcatalog; path = "Preview Assets.xcassets"; sourceTree = "<group>"; };
		63404AA8294129EF006A1089 /* Persistence.swift */ = {isa = PBXFileReference; lastKnownFileType = sourcecode.swift; path = Persistence.swift; sourceTree = "<group>"; };
		63404AAB294129EF006A1089 /* Devote.xcdatamodel */ = {isa = PBXFileReference; lastKnownFileType = wrapper.xcdatamodel; path = Devote.xcdatamodel; sourceTree = "<group>"; };
		63404AB529412AB0006A1089 /* sound-rise.mp3 */ = {isa = PBXFileReference; lastKnownFileType = audio.mp3; path = "sound-rise.mp3"; sourceTree = "<group>"; };
		63404AB629412AB0006A1089 /* sound-tap.mp3 */ = {isa = PBXFileReference; lastKnownFileType = audio.mp3; path = "sound-tap.mp3"; sourceTree = "<group>"; };
		63404AB729412AB0006A1089 /* sound-ding.mp3 */ = {isa = PBXFileReference; lastKnownFileType = audio.mp3; path = "sound-ding.mp3"; sourceTree = "<group>"; };
		63404AC229412B43006A1089 /* Info.plist */ = {isa = PBXFileReference; lastKnownFileType = text.plist; path = Info.plist; sourceTree = "<group>"; };
		63404AC7294134BB006A1089 /* Constant.swift */ = {isa = PBXFileReference; lastKnownFileType = sourcecode.swift; path = Constant.swift; sourceTree = "<group>"; };
		63404AC9294138B0006A1089 /* HideKeyboardExtension.swift */ = {isa = PBXFileReference; lastKnownFileType = sourcecode.swift; path = HideKeyboardExtension.swift; sourceTree = "<group>"; };
		63404ACB29413C22006A1089 /* BackgroundImageView.swift */ = {isa = PBXFileReference; lastKnownFileType = sourcecode.swift; path = BackgroundImageView.swift; sourceTree = "<group>"; };
		63404ACD294246B7006A1089 /* NewTaskItemView.swift */ = {isa = PBXFileReference; lastKnownFileType = sourcecode.swift; path = NewTaskItemView.swift; sourceTree = "<group>"; };
		63404ACF294249F5006A1089 /* BlankView.swift */ = {isa = PBXFileReference; lastKnownFileType = sourcecode.swift; path = BlankView.swift; sourceTree = "<group>"; };
		63404AD1294792AC006A1089 /* ListRowItemView.swift */ = {isa = PBXFileReference; lastKnownFileType = sourcecode.swift; path = ListRowItemView.swift; sourceTree = "<group>"; };
		63404AD329479434006A1089 /* CheckboxStyle.swift */ = {isa = PBXFileReference; lastKnownFileType = sourcecode.swift; path = CheckboxStyle.swift; sourceTree = "<group>"; };
		63404AD52947982B006A1089 /* SoundPlayer.swift */ = {isa = PBXFileReference; lastKnownFileType = sourcecode.swift; path = SoundPlayer.swift; sourceTree = "<group>"; };
		63404ADB29479B2D006A1089 /* DevoteWidgetExtension.appex */ = {isa = PBXFileReference; explicitFileType = "wrapper.app-extension"; includeInIndex = 0; path = DevoteWidgetExtension.appex; sourceTree = BUILT_PRODUCTS_DIR; };
		63404ADD29479B2D006A1089 /* WidgetKit.framework */ = {isa = PBXFileReference; lastKnownFileType = wrapper.framework; name = WidgetKit.framework; path = System/Library/Frameworks/WidgetKit.framework; sourceTree = SDKROOT; };
		63404ADF29479B2D006A1089 /* SwiftUI.framework */ = {isa = PBXFileReference; lastKnownFileType = wrapper.framework; name = SwiftUI.framework; path = System/Library/Frameworks/SwiftUI.framework; sourceTree = SDKROOT; };
		63404AE229479B2D006A1089 /* DevoteWidgetBundle.swift */ = {isa = PBXFileReference; lastKnownFileType = sourcecode.swift; path = DevoteWidgetBundle.swift; sourceTree = "<group>"; };
		63404AE429479B2D006A1089 /* DevoteWidgetLiveActivity.swift */ = {isa = PBXFileReference; lastKnownFileType = sourcecode.swift; path = DevoteWidgetLiveActivity.swift; sourceTree = "<group>"; };
		63404AE629479B2D006A1089 /* DevoteWidget.swift */ = {isa = PBXFileReference; lastKnownFileType = sourcecode.swift; path = DevoteWidget.swift; sourceTree = "<group>"; };
		63404AE829479B2E006A1089 /* Assets.xcassets */ = {isa = PBXFileReference; lastKnownFileType = folder.assetcatalog; path = Assets.xcassets; sourceTree = "<group>"; };
		63404AEA29479B2E006A1089 /* Info.plist */ = {isa = PBXFileReference; lastKnownFileType = text.plist.xml; path = Info.plist; sourceTree = "<group>"; };
/* End PBXFileReference section */

/* Begin PBXFrameworksBuildPhase section */
		63404A99294129EE006A1089 /* Frameworks */ = {
			isa = PBXFrameworksBuildPhase;
			buildActionMask = 2147483647;
			files = (
			);
			runOnlyForDeploymentPostprocessing = 0;
		};
		63404AD829479B2D006A1089 /* Frameworks */ = {
			isa = PBXFrameworksBuildPhase;
			buildActionMask = 2147483647;
			files = (
				63404AE029479B2D006A1089 /* SwiftUI.framework in Frameworks */,
				63404ADE29479B2D006A1089 /* WidgetKit.framework in Frameworks */,
			);
			runOnlyForDeploymentPostprocessing = 0;
		};
/* End PBXFrameworksBuildPhase section */

/* Begin PBXGroup section */
		63404A93294129EE006A1089 = {
			isa = PBXGroup;
			children = (
				63404A9E294129EE006A1089 /* Devote */,
				63404AE129479B2D006A1089 /* DevoteWidget */,
				63404ADC29479B2D006A1089 /* Frameworks */,
				63404A9D294129EE006A1089 /* Products */,
			);
			sourceTree = "<group>";
		};
		63404A9D294129EE006A1089 /* Products */ = {
			isa = PBXGroup;
			children = (
				63404A9C294129EE006A1089 /* Devote.app */,
				63404ADB29479B2D006A1089 /* DevoteWidgetExtension.appex */,
			);
			name = Products;
			sourceTree = "<group>";
		};
		63404A9E294129EE006A1089 /* Devote */ = {
			isa = PBXGroup;
			children = (
				63404AC229412B43006A1089 /* Info.plist */,
				63404AC029412B01006A1089 /* Style */,
				63404ABF29412AFD006A1089 /* Utility */,
				63404ABE29412AF7006A1089 /* Extension */,
				63404ABD29412AEB006A1089 /* View */,
				63404ABB29412ADD006A1089 /* Sound */,
				63404A9F294129EE006A1089 /* DevoteApp.swift */,
				63404AA3294129EF006A1089 /* Assets.xcassets */,
				63404AC129412B11006A1089 /* Model */,
				63404AA5294129EF006A1089 /* Preview Content */,
			);
			path = Devote;
			sourceTree = "<group>";
		};
		63404AA5294129EF006A1089 /* Preview Content */ = {
			isa = PBXGroup;
			children = (
				63404AA6294129EF006A1089 /* Preview Assets.xcassets */,
			);
			path = "Preview Content";
			sourceTree = "<group>";
		};
		63404ABB29412ADD006A1089 /* Sound */ = {
			isa = PBXGroup;
			children = (
				63404AB729412AB0006A1089 /* sound-ding.mp3 */,
				63404AB529412AB0006A1089 /* sound-rise.mp3 */,
				63404AB629412AB0006A1089 /* sound-tap.mp3 */,
			);
			path = Sound;
			sourceTree = "<group>";
		};
		63404ABD29412AEB006A1089 /* View */ = {
			isa = PBXGroup;
			children = (
				63404AA1294129EE006A1089 /* ContentView.swift */,
				63404ACB29413C22006A1089 /* BackgroundImageView.swift */,
				63404ACD294246B7006A1089 /* NewTaskItemView.swift */,
				63404ACF294249F5006A1089 /* BlankView.swift */,
				63404AD1294792AC006A1089 /* ListRowItemView.swift */,
			);
			path = View;
			sourceTree = "<group>";
		};
		63404ABE29412AF7006A1089 /* Extension */ = {
			isa = PBXGroup;
			children = (
				63404AC9294138B0006A1089 /* HideKeyboardExtension.swift */,
			);
			path = Extension;
			sourceTree = "<group>";
		};
		63404ABF29412AFD006A1089 /* Utility */ = {
			isa = PBXGroup;
			children = (
				63404AC7294134BB006A1089 /* Constant.swift */,
				63404AD52947982B006A1089 /* SoundPlayer.swift */,
			);
			path = Utility;
			sourceTree = "<group>";
		};
		63404AC029412B01006A1089 /* Style */ = {
			isa = PBXGroup;
			children = (
				63404AD329479434006A1089 /* CheckboxStyle.swift */,
			);
			path = Style;
			sourceTree = "<group>";
		};
		63404AC129412B11006A1089 /* Model */ = {
			isa = PBXGroup;
			children = (
				63404AA8294129EF006A1089 /* Persistence.swift */,
				63404AAA294129EF006A1089 /* Devote.xcdatamodeld */,
			);
			path = Model;
			sourceTree = "<group>";
		};
		63404ADC29479B2D006A1089 /* Frameworks */ = {
			isa = PBXGroup;
			children = (
				63404ADD29479B2D006A1089 /* WidgetKit.framework */,
				63404ADF29479B2D006A1089 /* SwiftUI.framework */,
			);
			name = Frameworks;
			sourceTree = "<group>";
		};
		63404AE129479B2D006A1089 /* DevoteWidget */ = {
			isa = PBXGroup;
			children = (
				63404AE229479B2D006A1089 /* DevoteWidgetBundle.swift */,
				63404AE429479B2D006A1089 /* DevoteWidgetLiveActivity.swift */,
				63404AE629479B2D006A1089 /* DevoteWidget.swift */,
				63404AE829479B2E006A1089 /* Assets.xcassets */,
				63404AEA29479B2E006A1089 /* Info.plist */,
			);
			path = DevoteWidget;
			sourceTree = "<group>";
		};
/* End PBXGroup section */

/* Begin PBXNativeTarget section */
		63404A9B294129EE006A1089 /* Devote */ = {
			isa = PBXNativeTarget;
			buildConfigurationList = 63404AAF294129EF006A1089 /* Build configuration list for PBXNativeTarget "Devote" */;
			buildPhases = (
				63404A98294129EE006A1089 /* Sources */,
				63404A99294129EE006A1089 /* Frameworks */,
				63404A9A294129EE006A1089 /* Resources */,
				63404AF129479B2E006A1089 /* Embed Foundation Extensions */,
			);
			buildRules = (
			);
			dependencies = (
				63404AEC29479B2E006A1089 /* PBXTargetDependency */,
			);
			name = Devote;
			productName = Devote;
			productReference = 63404A9C294129EE006A1089 /* Devote.app */;
			productType = "com.apple.product-type.application";
		};
		63404ADA29479B2D006A1089 /* DevoteWidgetExtension */ = {
			isa = PBXNativeTarget;
			buildConfigurationList = 63404AEE29479B2E006A1089 /* Build configuration list for PBXNativeTarget "DevoteWidgetExtension" */;
			buildPhases = (
				63404AD729479B2D006A1089 /* Sources */,
				63404AD829479B2D006A1089 /* Frameworks */,
				63404AD929479B2D006A1089 /* Resources */,
			);
			buildRules = (
			);
			dependencies = (
			);
			name = DevoteWidgetExtension;
			productName = DevoteWidgetExtension;
			productReference = 63404ADB29479B2D006A1089 /* DevoteWidgetExtension.appex */;
			productType = "com.apple.product-type.app-extension";
		};
/* End PBXNativeTarget section */

/* Begin PBXProject section */
		63404A94294129EE006A1089 /* Project object */ = {
			isa = PBXProject;
			attributes = {
				BuildIndependentTargetsInParallel = 1;
				LastSwiftUpdateCheck = 1410;
				LastUpgradeCheck = 1410;
				TargetAttributes = {
					63404A9B294129EE006A1089 = {
						CreatedOnToolsVersion = 14.1;
					};
					63404ADA29479B2D006A1089 = {
						CreatedOnToolsVersion = 14.1;
					};
				};
			};
			buildConfigurationList = 63404A97294129EE006A1089 /* Build configuration list for PBXProject "Devote" */;
			compatibilityVersion = "Xcode 14.0";
			developmentRegion = en;
			hasScannedForEncodings = 0;
			knownRegions = (
				en,
				Base,
			);
			mainGroup = 63404A93294129EE006A1089;
			productRefGroup = 63404A9D294129EE006A1089 /* Products */;
			projectDirPath = "";
			projectRoot = "";
			targets = (
				63404A9B294129EE006A1089 /* Devote */,
				63404ADA29479B2D006A1089 /* DevoteWidgetExtension */,
			);
		};
/* End PBXProject section */

/* Begin PBXResourcesBuildPhase section */
		63404A9A294129EE006A1089 /* Resources */ = {
			isa = PBXResourcesBuildPhase;
			buildActionMask = 2147483647;
			files = (
				63404ABA29412AB0006A1089 /* sound-ding.mp3 in Resources */,
				63404AB829412AB0006A1089 /* sound-rise.mp3 in Resources */,
				63404AA7294129EF006A1089 /* Preview Assets.xcassets in Resources */,
				63404AB929412AB0006A1089 /* sound-tap.mp3 in Resources */,
				63404AA4294129EF006A1089 /* Assets.xcassets in Resources */,
			);
			runOnlyForDeploymentPostprocessing = 0;
		};
		63404AD929479B2D006A1089 /* Resources */ = {
			isa = PBXResourcesBuildPhase;
			buildActionMask = 2147483647;
			files = (
				63404AF229479F23006A1089 /* Assets.xcassets in Resources */,
				63404AE929479B2E006A1089 /* Assets.xcassets in Resources */,
			);
			runOnlyForDeploymentPostprocessing = 0;
		};
/* End PBXResourcesBuildPhase section */

/* Begin PBXSourcesBuildPhase section */
		63404A98294129EE006A1089 /* Sources */ = {
			isa = PBXSourcesBuildPhase;
			buildActionMask = 2147483647;
			files = (
				63404AA9294129EF006A1089 /* Persistence.swift in Sources */,
				63404ACC29413C22006A1089 /* BackgroundImageView.swift in Sources */,
				63404AA2294129EE006A1089 /* ContentView.swift in Sources */,
				63404ACA294138B0006A1089 /* HideKeyboardExtension.swift in Sources */,
				63404AD0294249F6006A1089 /* BlankView.swift in Sources */,
				63404AC8294134BB006A1089 /* Constant.swift in Sources */,
				63404AD2294792AC006A1089 /* ListRowItemView.swift in Sources */,
				63404AAC294129EF006A1089 /* Devote.xcdatamodeld in Sources */,
				63404AA0294129EE006A1089 /* DevoteApp.swift in Sources */,
				63404AD429479434006A1089 /* CheckboxStyle.swift in Sources */,
				63404AD62947982B006A1089 /* SoundPlayer.swift in Sources */,
				63404ACE294246B7006A1089 /* NewTaskItemView.swift in Sources */,
			);
			runOnlyForDeploymentPostprocessing = 0;
		};
		63404AD729479B2D006A1089 /* Sources */ = {
			isa = PBXSourcesBuildPhase;
			buildActionMask = 2147483647;
			files = (
				63404AE729479B2D006A1089 /* DevoteWidget.swift in Sources */,
				63404AE329479B2D006A1089 /* DevoteWidgetBundle.swift in Sources */,
				63404AE529479B2D006A1089 /* DevoteWidgetLiveActivity.swift in Sources */,
				63404AF329479F99006A1089 /* Constant.swift in Sources */,
			);
			runOnlyForDeploymentPostprocessing = 0;
		};
/* End PBXSourcesBuildPhase section */

/* Begin PBXTargetDependency section */
		63404AEC29479B2E006A1089 /* PBXTargetDependency */ = {
			isa = PBXTargetDependency;
			target = 63404ADA29479B2D006A1089 /* DevoteWidgetExtension */;
			targetProxy = 63404AEB29479B2E006A1089 /* PBXContainerItemProxy */;
		};
/* End PBXTargetDependency section */

/* Begin XCBuildConfiguration section */
		63404AAD294129EF006A1089 /* Debug */ = {
			isa = XCBuildConfiguration;
			buildSettings = {
				ALWAYS_SEARCH_USER_PATHS = NO;
				CLANG_ANALYZER_NONNULL = YES;
				CLANG_ANALYZER_NUMBER_OBJECT_CONVERSION = YES_AGGRESSIVE;
				CLANG_CXX_LANGUAGE_STANDARD = "gnu++20";
				CLANG_ENABLE_MODULES = YES;
				CLANG_ENABLE_OBJC_ARC = YES;
				CLANG_ENABLE_OBJC_WEAK = YES;
				CLANG_WARN_BLOCK_CAPTURE_AUTORELEASING = YES;
				CLANG_WARN_BOOL_CONVERSION = YES;
				CLANG_WARN_COMMA = YES;
				CLANG_WARN_CONSTANT_CONVERSION = YES;
				CLANG_WARN_DEPRECATED_OBJC_IMPLEMENTATIONS = YES;
				CLANG_WARN_DIRECT_OBJC_ISA_USAGE = YES_ERROR;
				CLANG_WARN_DOCUMENTATION_COMMENTS = YES;
				CLANG_WARN_EMPTY_BODY = YES;
				CLANG_WARN_ENUM_CONVERSION = YES;
				CLANG_WARN_INFINITE_RECURSION = YES;
				CLANG_WARN_INT_CONVERSION = YES;
				CLANG_WARN_NON_LITERAL_NULL_CONVERSION = YES;
				CLANG_WARN_OBJC_IMPLICIT_RETAIN_SELF = YES;
				CLANG_WARN_OBJC_LITERAL_CONVERSION = YES;
				CLANG_WARN_OBJC_ROOT_CLASS = YES_ERROR;
				CLANG_WARN_QUOTED_INCLUDE_IN_FRAMEWORK_HEADER = YES;
				CLANG_WARN_RANGE_LOOP_ANALYSIS = YES;
				CLANG_WARN_STRICT_PROTOTYPES = YES;
				CLANG_WARN_SUSPICIOUS_MOVE = YES;
				CLANG_WARN_UNGUARDED_AVAILABILITY = YES_AGGRESSIVE;
				CLANG_WARN_UNREACHABLE_CODE = YES;
				CLANG_WARN__DUPLICATE_METHOD_MATCH = YES;
				COPY_PHASE_STRIP = NO;
				DEBUG_INFORMATION_FORMAT = dwarf;
				ENABLE_STRICT_OBJC_MSGSEND = YES;
				ENABLE_TESTABILITY = YES;
				GCC_C_LANGUAGE_STANDARD = gnu11;
				GCC_DYNAMIC_NO_PIC = NO;
				GCC_NO_COMMON_BLOCKS = YES;
				GCC_OPTIMIZATION_LEVEL = 0;
				GCC_PREPROCESSOR_DEFINITIONS = (
					"DEBUG=1",
					"$(inherited)",
				);
				GCC_WARN_64_TO_32_BIT_CONVERSION = YES;
				GCC_WARN_ABOUT_RETURN_TYPE = YES_ERROR;
				GCC_WARN_UNDECLARED_SELECTOR = YES;
				GCC_WARN_UNINITIALIZED_AUTOS = YES_AGGRESSIVE;
				GCC_WARN_UNUSED_FUNCTION = YES;
				GCC_WARN_UNUSED_VARIABLE = YES;
				IPHONEOS_DEPLOYMENT_TARGET = 16.1;
				MTL_ENABLE_DEBUG_INFO = INCLUDE_SOURCE;
				MTL_FAST_MATH = YES;
				ONLY_ACTIVE_ARCH = YES;
				SDKROOT = iphoneos;
				SWIFT_ACTIVE_COMPILATION_CONDITIONS = DEBUG;
				SWIFT_OPTIMIZATION_LEVEL = "-Onone";
			};
			name = Debug;
		};
		63404AAE294129EF006A1089 /* Release */ = {
			isa = XCBuildConfiguration;
			buildSettings = {
				ALWAYS_SEARCH_USER_PATHS = NO;
				CLANG_ANALYZER_NONNULL = YES;
				CLANG_ANALYZER_NUMBER_OBJECT_CONVERSION = YES_AGGRESSIVE;
				CLANG_CXX_LANGUAGE_STANDARD = "gnu++20";
				CLANG_ENABLE_MODULES = YES;
				CLANG_ENABLE_OBJC_ARC = YES;
				CLANG_ENABLE_OBJC_WEAK = YES;
				CLANG_WARN_BLOCK_CAPTURE_AUTORELEASING = YES;
				CLANG_WARN_BOOL_CONVERSION = YES;
				CLANG_WARN_COMMA = YES;
				CLANG_WARN_CONSTANT_CONVERSION = YES;
				CLANG_WARN_DEPRECATED_OBJC_IMPLEMENTATIONS = YES;
				CLANG_WARN_DIRECT_OBJC_ISA_USAGE = YES_ERROR;
				CLANG_WARN_DOCUMENTATION_COMMENTS = YES;
				CLANG_WARN_EMPTY_BODY = YES;
				CLANG_WARN_ENUM_CONVERSION = YES;
				CLANG_WARN_INFINITE_RECURSION = YES;
				CLANG_WARN_INT_CONVERSION = YES;
				CLANG_WARN_NON_LITERAL_NULL_CONVERSION = YES;
				CLANG_WARN_OBJC_IMPLICIT_RETAIN_SELF = YES;
				CLANG_WARN_OBJC_LITERAL_CONVERSION = YES;
				CLANG_WARN_OBJC_ROOT_CLASS = YES_ERROR;
				CLANG_WARN_QUOTED_INCLUDE_IN_FRAMEWORK_HEADER = YES;
				CLANG_WARN_RANGE_LOOP_ANALYSIS = YES;
				CLANG_WARN_STRICT_PROTOTYPES = YES;
				CLANG_WARN_SUSPICIOUS_MOVE = YES;
				CLANG_WARN_UNGUARDED_AVAILABILITY = YES_AGGRESSIVE;
				CLANG_WARN_UNREACHABLE_CODE = YES;
				CLANG_WARN__DUPLICATE_METHOD_MATCH = YES;
				COPY_PHASE_STRIP = NO;
				DEBUG_INFORMATION_FORMAT = "dwarf-with-dsym";
				ENABLE_NS_ASSERTIONS = NO;
				ENABLE_STRICT_OBJC_MSGSEND = YES;
				GCC_C_LANGUAGE_STANDARD = gnu11;
				GCC_NO_COMMON_BLOCKS = YES;
				GCC_WARN_64_TO_32_BIT_CONVERSION = YES;
				GCC_WARN_ABOUT_RETURN_TYPE = YES_ERROR;
				GCC_WARN_UNDECLARED_SELECTOR = YES;
				GCC_WARN_UNINITIALIZED_AUTOS = YES_AGGRESSIVE;
				GCC_WARN_UNUSED_FUNCTION = YES;
				GCC_WARN_UNUSED_VARIABLE = YES;
				IPHONEOS_DEPLOYMENT_TARGET = 16.1;
				MTL_ENABLE_DEBUG_INFO = NO;
				MTL_FAST_MATH = YES;
				SDKROOT = iphoneos;
				SWIFT_COMPILATION_MODE = wholemodule;
				SWIFT_OPTIMIZATION_LEVEL = "-O";
				VALIDATE_PRODUCT = YES;
			};
			name = Release;
		};
		63404AB0294129EF006A1089 /* Debug */ = {
			isa = XCBuildConfiguration;
			buildSettings = {
				ALWAYS_EMBED_SWIFT_STANDARD_LIBRARIES = YES;
				ASSETCATALOG_COMPILER_APPICON_NAME = AppIcon;
				ASSETCATALOG_COMPILER_GLOBAL_ACCENT_COLOR_NAME = AccentColor;
				CODE_SIGN_STYLE = Automatic;
				CURRENT_PROJECT_VERSION = 1;
				DEVELOPMENT_ASSET_PATHS = "\"Devote/Preview Content\"";
				DEVELOPMENT_TEAM = PGC4FV57FE;
				ENABLE_PREVIEWS = YES;
				GENERATE_INFOPLIST_FILE = YES;
				INFOPLIST_FILE = Devote/Info.plist;
				INFOPLIST_KEY_UIApplicationSceneManifest_Generation = YES;
				INFOPLIST_KEY_UIApplicationSupportsIndirectInputEvents = YES;
				INFOPLIST_KEY_UISupportedInterfaceOrientations = UIInterfaceOrientationPortrait;
				INFOPLIST_KEY_UISupportedInterfaceOrientations_iPad = "UIInterfaceOrientationLandscapeLeft UIInterfaceOrientationLandscapeRight UIInterfaceOrientationPortrait UIInterfaceOrientationPortraitUpsideDown";
				LD_RUNPATH_SEARCH_PATHS = (
					"$(inherited)",
					"@executable_path/Frameworks",
				);
				MARKETING_VERSION = 1.0;
				PRODUCT_BUNDLE_IDENTIFIER = com.david.Devote;
				PRODUCT_NAME = "$(TARGET_NAME)";
				SWIFT_EMIT_LOC_STRINGS = YES;
				SWIFT_VERSION = 5.0;
				TARGETED_DEVICE_FAMILY = "1,2";
			};
			name = Debug;
		};
		63404AB1294129EF006A1089 /* Release */ = {
			isa = XCBuildConfiguration;
			buildSettings = {
				ALWAYS_EMBED_SWIFT_STANDARD_LIBRARIES = YES;
				ASSETCATALOG_COMPILER_APPICON_NAME = AppIcon;
				ASSETCATALOG_COMPILER_GLOBAL_ACCENT_COLOR_NAME = AccentColor;
				CODE_SIGN_STYLE = Automatic;
				CURRENT_PROJECT_VERSION = 1;
				DEVELOPMENT_ASSET_PATHS = "\"Devote/Preview Content\"";
				DEVELOPMENT_TEAM = PGC4FV57FE;
				ENABLE_PREVIEWS = YES;
				GENERATE_INFOPLIST_FILE = YES;
				INFOPLIST_FILE = Devote/Info.plist;
				INFOPLIST_KEY_UIApplicationSceneManifest_Generation = YES;
				INFOPLIST_KEY_UIApplicationSupportsIndirectInputEvents = YES;
				INFOPLIST_KEY_UISupportedInterfaceOrientations = UIInterfaceOrientationPortrait;
				INFOPLIST_KEY_UISupportedInterfaceOrientations_iPad = "UIInterfaceOrientationLandscapeLeft UIInterfaceOrientationLandscapeRight UIInterfaceOrientationPortrait UIInterfaceOrientationPortraitUpsideDown";
				LD_RUNPATH_SEARCH_PATHS = (
					"$(inherited)",
					"@executable_path/Frameworks",
				);
				MARKETING_VERSION = 1.0;
				PRODUCT_BUNDLE_IDENTIFIER = com.david.Devote;
				PRODUCT_NAME = "$(TARGET_NAME)";
				SWIFT_EMIT_LOC_STRINGS = YES;
				SWIFT_VERSION = 5.0;
				TARGETED_DEVICE_FAMILY = "1,2";
			};
			name = Release;
		};
		63404AEF29479B2E006A1089 /* Debug */ = {
			isa = XCBuildConfiguration;
			buildSettings = {
				ASSETCATALOG_COMPILER_GLOBAL_ACCENT_COLOR_NAME = AccentColor;
				ASSETCATALOG_COMPILER_WIDGET_BACKGROUND_COLOR_NAME = WidgetBackground;
				CODE_SIGN_STYLE = Automatic;
				CURRENT_PROJECT_VERSION = 1;
				DEVELOPMENT_TEAM = PGC4FV57FE;
				GENERATE_INFOPLIST_FILE = YES;
				INFOPLIST_FILE = DevoteWidget/Info.plist;
				INFOPLIST_KEY_CFBundleDisplayName = DevoteWidget;
				INFOPLIST_KEY_NSHumanReadableCopyright = "";
				LD_RUNPATH_SEARCH_PATHS = (
					"$(inherited)",
					"@executable_path/Frameworks",
					"@executable_path/../../Frameworks",
				);
				MARKETING_VERSION = 1.0;
				PRODUCT_BUNDLE_IDENTIFIER = com.david.Devote.DevoteWidget;
				PRODUCT_NAME = "$(TARGET_NAME)";
				SKIP_INSTALL = YES;
				SWIFT_EMIT_LOC_STRINGS = YES;
				SWIFT_VERSION = 5.0;
				TARGETED_DEVICE_FAMILY = "1,2";
			};
			name = Debug;
		};
		63404AF029479B2E006A1089 /* Release */ = {
			isa = XCBuildConfiguration;
			buildSettings = {
				ASSETCATALOG_COMPILER_GLOBAL_ACCENT_COLOR_NAME = AccentColor;
				ASSETCATALOG_COMPILER_WIDGET_BACKGROUND_COLOR_NAME = WidgetBackground;
				CODE_SIGN_STYLE = Automatic;
				CURRENT_PROJECT_VERSION = 1;
				DEVELOPMENT_TEAM = PGC4FV57FE;
				GENERATE_INFOPLIST_FILE = YES;
				INFOPLIST_FILE = DevoteWidget/Info.plist;
				INFOPLIST_KEY_CFBundleDisplayName = DevoteWidget;
				INFOPLIST_KEY_NSHumanReadableCopyright = "";
				LD_RUNPATH_SEARCH_PATHS = (
					"$(inherited)",
					"@executable_path/Frameworks",
					"@executable_path/../../Frameworks",
				);
				MARKETING_VERSION = 1.0;
				PRODUCT_BUNDLE_IDENTIFIER = com.david.Devote.DevoteWidget;
				PRODUCT_NAME = "$(TARGET_NAME)";
				SKIP_INSTALL = YES;
				SWIFT_EMIT_LOC_STRINGS = YES;
				SWIFT_VERSION = 5.0;
				TARGETED_DEVICE_FAMILY = "1,2";
			};
			name = Release;
		};
/* End XCBuildConfiguration section */

/* Begin XCConfigurationList section */
		63404A97294129EE006A1089 /* Build configuration list for PBXProject "Devote" */ = {
			isa = XCConfigurationList;
			buildConfigurations = (
				63404AAD294129EF006A1089 /* Debug */,
				63404AAE294129EF006A1089 /* Release */,
			);
			defaultConfigurationIsVisible = 0;
			defaultConfigurationName = Release;
		};
		63404AAF294129EF006A1089 /* Build configuration list for PBXNativeTarget "Devote" */ = {
			isa = XCConfigurationList;
			buildConfigurations = (
				63404AB0294129EF006A1089 /* Debug */,
				63404AB1294129EF006A1089 /* Release */,
			);
			defaultConfigurationIsVisible = 0;
			defaultConfigurationName = Release;
		};
		63404AEE29479B2E006A1089 /* Build configuration list for PBXNativeTarget "DevoteWidgetExtension" */ = {
			isa = XCConfigurationList;
			buildConfigurations = (
				63404AEF29479B2E006A1089 /* Debug */,
				63404AF029479B2E006A1089 /* Release */,
			);
			defaultConfigurationIsVisible = 0;
			defaultConfigurationName = Release;
		};
/* End XCConfigurationList section */

/* Begin XCVersionGroup section */
		63404AAA294129EF006A1089 /* Devote.xcdatamodeld */ = {
			isa = XCVersionGroup;
			children = (
				63404AAB294129EF006A1089 /* Devote.xcdatamodel */,
			);
			currentVersion = 63404AAB294129EF006A1089 /* Devote.xcdatamodel */;
			path = Devote.xcdatamodeld;
			sourceTree = "<group>";
			versionGroupType = wrapper.xcdatamodel;
		};
/* End XCVersionGroup section */
	};
	rootObject = 63404A94294129EE006A1089 /* Project object */;
}
